
Microsoft Visual Studio Solution File, Format Version 12.00
# Visual Studio Version 17
VisualStudioVersion = 17.4.33403.182
MinimumVisualStudioVersion = 10.0.40219.1
Project("{FAE04EC0-301F-11D3-BF4B-00C04F79EFBC}") = "TextureLoader", "TextureLoader\TextureLoader.csproj", "{807EF40F-DB78-4497-99F2-4A03B2A993FF}"
EndProject
Global
	GlobalSection(SolutionConfigurationPlatforms) = preSolution
		Debug|Any CPU = Debug|Any CPU
		Release|Any CPU = Release|Any CPU
	EndGlobalSection
	GlobalSection(ProjectConfigurationPlatforms) = postSolution
		{807EF40F-DB78-4497-99F2-4A03B2A993FF}.Debug|Any CPU.ActiveCfg = Debug|Any CPU
		{807EF40F-DB78-4497-99F2-4A03B2A993FF}.Debug|Any CPU.Build.0 = Debug|Any CPU
		{807EF40F-DB78-4497-99F2-4A03B2A993FF}.Release|Any CPU.ActiveCfg = Release|Any CPU
		{807EF40F-DB78-4497-99F2-4A03B2A993FF}.Release|Any CPU.Build.0 = Release|Any CPU
	EndGlobalSection
	GlobalSection(SolutionProperties) = preSolution
		HideSolutionNode = FALSE
	EndGlobalSection
	GlobalSection(ExtensibilityGlobals) = postSolution
		SolutionGuid = {894384A9-45D7-4329-843C-D046B0419F4C}
	EndGlobalSection
EndGlobal
